
Microsoft Visual Studio Solution File, Format Version 12.00
# Visual Studio Version 17
VisualStudioVersion = 17.0.31903.59
MinimumVisualStudioVersion = 10.0.40219.1
Project("{FAE04EC0-301F-11D3-BF4B-00C04F79EFBC}") = "API", "API\API.csproj", "{995A7094-7BB6-41A8-92CA-2AB7F8BB1F6F}"
EndProject
Project("{FAE04EC0-301F-11D3-BF4B-00C04F79EFBC}") = "Infrastructure", "Infrastructure\Infrastructure.csproj", "{5F10DBF1-816F-49B4-AA7E-9998CD0A2A1F}"
EndProject
Project("{FAE04EC0-301F-11D3-BF4B-00C04F79EFBC}") = "Core", "Core\Core.csproj", "{AD1CFBD9-2D08-4AAD-9F10-45E7D50F6E09}"
EndProject
Global
	GlobalSection(SolutionConfigurationPlatforms) = preSolution
		Debug|Any CPU = Debug|Any CPU
		Release|Any CPU = Release|Any CPU
	EndGlobalSection
	GlobalSection(SolutionProperties) = preSolution
		HideSolutionNode = FALSE
	EndGlobalSection
	GlobalSection(ProjectConfigurationPlatforms) = postSolution
		{995A7094-7BB6-41A8-92CA-2AB7F8BB1F6F}.Debug|Any CPU.ActiveCfg = Debug|Any CPU
		{995A7094-7BB6-41A8-92CA-2AB7F8BB1F6F}.Debug|Any CPU.Build.0 = Debug|Any CPU
		{995A7094-7BB6-41A8-92CA-2AB7F8BB1F6F}.Release|Any CPU.ActiveCfg = Release|Any CPU
		{995A7094-7BB6-41A8-92CA-2AB7F8BB1F6F}.Release|Any CPU.Build.0 = Release|Any CPU
		{5F10DBF1-816F-49B4-AA7E-9998CD0A2A1F}.Debug|Any CPU.ActiveCfg = Debug|Any CPU
		{5F10DBF1-816F-49B4-AA7E-9998CD0A2A1F}.Debug|Any CPU.Build.0 = Debug|Any CPU
		{5F10DBF1-816F-49B4-AA7E-9998CD0A2A1F}.Release|Any CPU.ActiveCfg = Release|Any CPU
		{5F10DBF1-816F-49B4-AA7E-9998CD0A2A1F}.Release|Any CPU.Build.0 = Release|Any CPU
		{AD1CFBD9-2D08-4AAD-9F10-45E7D50F6E09}.Debug|Any CPU.ActiveCfg = Debug|Any CPU
		{AD1CFBD9-2D08-4AAD-9F10-45E7D50F6E09}.Debug|Any CPU.Build.0 = Debug|Any CPU
		{AD1CFBD9-2D08-4AAD-9F10-45E7D50F6E09}.Release|Any CPU.ActiveCfg = Release|Any CPU
		{AD1CFBD9-2D08-4AAD-9F10-45E7D50F6E09}.Release|Any CPU.Build.0 = Release|Any CPU
	EndGlobalSection
EndGlobal
